
Microsoft Visual Studio Solution File, Format Version 12.00
# Visual Studio Version 16
VisualStudioVersion = 16.0.30804.86
MinimumVisualStudioVersion = 10.0.40219.1
Project("{9A19103F-16F7-4668-BE54-9A1E7A4F7556}") = "Blazor.Charts.ChartJs", "Blazor.Charts.ChartJs\Blazor.Charts.ChartJs.csproj", "{FDBC5F16-3913-4BF7-BA2A-DC713378528F}"
EndProject
Project("{9A19103F-16F7-4668-BE54-9A1E7A4F7556}") = "Blazor.Library", "Blazor.Library\Blazor.Library.csproj", "{9E4C5B2C-5CC3-4C6A-BF12-D472BCA79700}"
EndProject
Project("{9A19103F-16F7-4668-BE54-9A1E7A4F7556}") = "Blazor.Library.Mud", "Blazor.Library.Mud\Blazor.Library.Mud.csproj", "{3A46C0A2-7E24-4C6A-B5B9-D115C3B3AE5C}"
EndProject
Project("{FAE04EC0-301F-11D3-BF4B-00C04F79EFBC}") = "Blazor.Charts.ChartJs.JsInterOp", "Blazor.Charts.ChartJs.JsInterOp\Blazor.Charts.ChartJs.JsInterOp.csproj", "{6452C91C-8582-41D0-9BE2-BE823224521B}"
EndProject
Global
	GlobalSection(SolutionConfigurationPlatforms) = preSolution
		Debug|Any CPU = Debug|Any CPU
		Release|Any CPU = Release|Any CPU
	EndGlobalSection
	GlobalSection(ProjectConfigurationPlatforms) = postSolution
		{FDBC5F16-3913-4BF7-BA2A-DC713378528F}.Debug|Any CPU.ActiveCfg = Debug|Any CPU
		{FDBC5F16-3913-4BF7-BA2A-DC713378528F}.Debug|Any CPU.Build.0 = Debug|Any CPU
		{FDBC5F16-3913-4BF7-BA2A-DC713378528F}.Release|Any CPU.ActiveCfg = Release|Any CPU
		{FDBC5F16-3913-4BF7-BA2A-DC713378528F}.Release|Any CPU.Build.0 = Release|Any CPU
		{9E4C5B2C-5CC3-4C6A-BF12-D472BCA79700}.Debug|Any CPU.ActiveCfg = Debug|Any CPU
		{9E4C5B2C-5CC3-4C6A-BF12-D472BCA79700}.Debug|Any CPU.Build.0 = Debug|Any CPU
		{9E4C5B2C-5CC3-4C6A-BF12-D472BCA79700}.Release|Any CPU.ActiveCfg = Release|Any CPU
		{9E4C5B2C-5CC3-4C6A-BF12-D472BCA79700}.Release|Any CPU.Build.0 = Release|Any CPU
		{3A46C0A2-7E24-4C6A-B5B9-D115C3B3AE5C}.Debug|Any CPU.ActiveCfg = Debug|Any CPU
		{3A46C0A2-7E24-4C6A-B5B9-D115C3B3AE5C}.Debug|Any CPU.Build.0 = Debug|Any CPU
		{3A46C0A2-7E24-4C6A-B5B9-D115C3B3AE5C}.Release|Any CPU.ActiveCfg = Release|Any CPU
		{3A46C0A2-7E24-4C6A-B5B9-D115C3B3AE5C}.Release|Any CPU.Build.0 = Release|Any CPU
		{6452C91C-8582-41D0-9BE2-BE823224521B}.Debug|Any CPU.ActiveCfg = Debug|Any CPU
		{6452C91C-8582-41D0-9BE2-BE823224521B}.Debug|Any CPU.Build.0 = Debug|Any CPU
		{6452C91C-8582-41D0-9BE2-BE823224521B}.Release|Any CPU.ActiveCfg = Release|Any CPU
		{6452C91C-8582-41D0-9BE2-BE823224521B}.Release|Any CPU.Build.0 = Release|Any CPU
	EndGlobalSection
	GlobalSection(SolutionProperties) = preSolution
		HideSolutionNode = FALSE
	EndGlobalSection
	GlobalSection(ExtensibilityGlobals) = postSolution
		SolutionGuid = {A5B814E4-E564-4AD8-B5C0-502C9DEFCD92}
	EndGlobalSection
EndGlobal
